
Microsoft Visual Studio Solution File, Format Version 12.00
# Visual Studio Version 17
VisualStudioVersion = 17.6.33723.286
MinimumVisualStudioVersion = 10.0.40219.1
Project("{FAE04EC0-301F-11D3-BF4B-00C04F79EFBC}") = "Assignment5", "Assignment5\Assignment5.csproj", "{D507A7C2-723B-43FF-878D-B655FD042161}"
EndProject
Global
	GlobalSection(SolutionConfigurationPlatforms) = preSolution
		Debug|Any CPU = Debug|Any CPU
		Release|Any CPU = Release|Any CPU
	EndGlobalSection
	GlobalSection(ProjectConfigurationPlatforms) = postSolution
		{D507A7C2-723B-43FF-878D-B655FD042161}.Debug|Any CPU.ActiveCfg = Debug|Any CPU
		{D507A7C2-723B-43FF-878D-B655FD042161}.Debug|Any CPU.Build.0 = Debug|Any CPU
		{D507A7C2-723B-43FF-878D-B655FD042161}.Release|Any CPU.ActiveCfg = Release|Any CPU
		{D507A7C2-723B-43FF-878D-B655FD042161}.Release|Any CPU.Build.0 = Release|Any CPU
	EndGlobalSection
	GlobalSection(SolutionProperties) = preSolution
		HideSolutionNode = FALSE
	EndGlobalSection
	GlobalSection(ExtensibilityGlobals) = postSolution
		SolutionGuid = {C474743C-1A01-473E-A250-6915FDF4436B}
	EndGlobalSection
EndGlobal
